
Microsoft Visual Studio Solution File, Format Version 12.00
# Visual Studio Version 17
VisualStudioVersion = 17.14.36203.30 d17.14
MinimumVisualStudioVersion = 10.0.40219.1
Project("{FAE04EC0-301F-11D3-BF4B-00C04F79EFBC}") = "xdCzat", "xdCzat\xdCzat.csproj", "{AB3E56C4-397B-4089-B416-FCE08AD9FA08}"
EndProject
Global
	GlobalSection(SolutionConfigurationPlatforms) = preSolution
		Debug|Any CPU = Debug|Any CPU
		Release|Any CPU = Release|Any CPU
	EndGlobalSection
	GlobalSection(ProjectConfigurationPlatforms) = postSolution
		{AB3E56C4-397B-4089-B416-FCE08AD9FA08}.Debug|Any CPU.ActiveCfg = Debug|Any CPU
		{AB3E56C4-397B-4089-B416-FCE08AD9FA08}.Debug|Any CPU.Build.0 = Debug|Any CPU
		{AB3E56C4-397B-4089-B416-FCE08AD9FA08}.Release|Any CPU.ActiveCfg = Release|Any CPU
		{AB3E56C4-397B-4089-B416-FCE08AD9FA08}.Release|Any CPU.Build.0 = Release|Any CPU
	EndGlobalSection
	GlobalSection(SolutionProperties) = preSolution
		HideSolutionNode = FALSE
	EndGlobalSection
	GlobalSection(ExtensibilityGlobals) = postSolution
		SolutionGuid = {241C61A6-DEB1-4BD4-9C50-73F2184CE023}
	EndGlobalSection
EndGlobal
